
Microsoft Visual Studio Solution File, Format Version 12.00
# Visual Studio Version 17
VisualStudioVersion = 17.8.34322.80
MinimumVisualStudioVersion = 10.0.40219.1
Project("{9A19103F-16F7-4668-BE54-9A1E7A4F7556}") = "Infrastructure", "Infrastructure\Infrastructure.csproj", "{7247E3A4-8632-4E97-A498-5740446BB87B}"
EndProject
Project("{9A19103F-16F7-4668-BE54-9A1E7A4F7556}") = "KonsolApp", "KonsolApp\KonsolApp.csproj", "{C3F63199-5F5E-488D-80B6-0894C84F7F20}"
EndProject
Project("{FAE04EC0-301F-11D3-BF4B-00C04F79EFBC}") = "TestProject", "TestProject\TestProject.csproj", "{95E01663-626B-43A6-85BA-2A56DFE4D56D}"
EndProject
Global
	GlobalSection(SolutionConfigurationPlatforms) = preSolution
		Debug|Any CPU = Debug|Any CPU
		Release|Any CPU = Release|Any CPU
	EndGlobalSection
	GlobalSection(ProjectConfigurationPlatforms) = postSolution
		{7247E3A4-8632-4E97-A498-5740446BB87B}.Debug|Any CPU.ActiveCfg = Debug|Any CPU
		{7247E3A4-8632-4E97-A498-5740446BB87B}.Debug|Any CPU.Build.0 = Debug|Any CPU
		{7247E3A4-8632-4E97-A498-5740446BB87B}.Release|Any CPU.ActiveCfg = Release|Any CPU
		{7247E3A4-8632-4E97-A498-5740446BB87B}.Release|Any CPU.Build.0 = Release|Any CPU
		{C3F63199-5F5E-488D-80B6-0894C84F7F20}.Debug|Any CPU.ActiveCfg = Debug|Any CPU
		{C3F63199-5F5E-488D-80B6-0894C84F7F20}.Debug|Any CPU.Build.0 = Debug|Any CPU
		{C3F63199-5F5E-488D-80B6-0894C84F7F20}.Release|Any CPU.ActiveCfg = Release|Any CPU
		{C3F63199-5F5E-488D-80B6-0894C84F7F20}.Release|Any CPU.Build.0 = Release|Any CPU
		{95E01663-626B-43A6-85BA-2A56DFE4D56D}.Debug|Any CPU.ActiveCfg = Debug|Any CPU
		{95E01663-626B-43A6-85BA-2A56DFE4D56D}.Debug|Any CPU.Build.0 = Debug|Any CPU
		{95E01663-626B-43A6-85BA-2A56DFE4D56D}.Release|Any CPU.ActiveCfg = Release|Any CPU
		{95E01663-626B-43A6-85BA-2A56DFE4D56D}.Release|Any CPU.Build.0 = Release|Any CPU
	EndGlobalSection
	GlobalSection(SolutionProperties) = preSolution
		HideSolutionNode = FALSE
	EndGlobalSection
	GlobalSection(ExtensibilityGlobals) = postSolution
		SolutionGuid = {59E1C20E-8721-4F42-8700-DB3217487E9E}
	EndGlobalSection
EndGlobal
